
Microsoft Visual Studio Solution File, Format Version 12.00
# Visual Studio 2013
VisualStudioVersion = 12.0.21005.1
MinimumVisualStudioVersion = 10.0.40219.1
Project("{FAE04EC0-301F-11D3-BF4B-00C04F79EFBC}") = "WcfService1", "WcfService1\WcfService1.csproj", "{56F6E0DF-D76C-4F39-B1D1-02EA40A3F5AC}"
EndProject
Project("{FAE04EC0-301F-11D3-BF4B-00C04F79EFBC}") = "WebClient", "WebClient\WebClient.csproj", "{D0B1D93C-2D71-451C-AB1C-DE9237B39E2B}"
	ProjectSection(ProjectDependencies) = postProject
		{56F6E0DF-D76C-4F39-B1D1-02EA40A3F5AC} = {56F6E0DF-D76C-4F39-B1D1-02EA40A3F5AC}
	EndProjectSection
EndProject
Project("{FAE04EC0-301F-11D3-BF4B-00C04F79EFBC}") = "SelfHostConsole", "SelfHostConsole\SelfHostConsole.csproj", "{C422DB2E-C285-4587-917D-043A2F2636C2}"
EndProject
Project("{FAE04EC0-301F-11D3-BF4B-00C04F79EFBC}") = "AsyncFormTest", "AsyncFormTest\AsyncFormTest.csproj", "{20C11C81-F99B-4928-B0D6-636AF8A28D02}"
EndProject
Project("{FAE04EC0-301F-11D3-BF4B-00C04F79EFBC}") = "MoqTest", "MoqTest\MoqTest.csproj", "{75427725-E0A8-40B5-B5A3-26DB9DA31CEC}"
EndProject
Project("{FAE04EC0-301F-11D3-BF4B-00C04F79EFBC}") = "WebApiTest", "WebApiTest\WebApiTest.csproj", "{69972A3B-336C-45B0-9923-4083B0837432}"
EndProject
Project("{FAE04EC0-301F-11D3-BF4B-00C04F79EFBC}") = "FluentAutomation", "FluentAutomation\FluentAutomation.csproj", "{561A0D8D-7343-413D-8A4D-3FEEC3278AEF}"
EndProject
Project("{FAE04EC0-301F-11D3-BF4B-00C04F79EFBC}") = "WpfApplication1", "WpfApplication1\WpfApplication1.csproj", "{5E41BD26-04BD-47A6-A29D-86F8DB48756E}"
EndProject
Project("{FAE04EC0-301F-11D3-BF4B-00C04F79EFBC}") = "CSharpeFeatures", "CSharpeFeatures\CSharpeFeatures.csproj", "{E5615C8B-3DD9-43D0-90DE-CD12C85C4D0D}"
EndProject
Project("{FAE04EC0-301F-11D3-BF4B-00C04F79EFBC}") = "LinqToSqlDiscovery", "LinqToSqlDiscovery\LinqToSqlDiscovery.csproj", "{0099E89C-30C3-4688-8FD4-D4B6CE5CFFBB}"
EndProject
Global
	GlobalSection(SolutionConfigurationPlatforms) = preSolution
		Debug|Any CPU = Debug|Any CPU
		Release|Any CPU = Release|Any CPU
	EndGlobalSection
	GlobalSection(ProjectConfigurationPlatforms) = postSolution
		{56F6E0DF-D76C-4F39-B1D1-02EA40A3F5AC}.Debug|Any CPU.ActiveCfg = Debug|Any CPU
		{56F6E0DF-D76C-4F39-B1D1-02EA40A3F5AC}.Debug|Any CPU.Build.0 = Debug|Any CPU
		{56F6E0DF-D76C-4F39-B1D1-02EA40A3F5AC}.Release|Any CPU.ActiveCfg = Release|Any CPU
		{56F6E0DF-D76C-4F39-B1D1-02EA40A3F5AC}.Release|Any CPU.Build.0 = Release|Any CPU
		{D0B1D93C-2D71-451C-AB1C-DE9237B39E2B}.Debug|Any CPU.ActiveCfg = Debug|Any CPU
		{D0B1D93C-2D71-451C-AB1C-DE9237B39E2B}.Debug|Any CPU.Build.0 = Debug|Any CPU
		{D0B1D93C-2D71-451C-AB1C-DE9237B39E2B}.Release|Any CPU.ActiveCfg = Release|Any CPU
		{D0B1D93C-2D71-451C-AB1C-DE9237B39E2B}.Release|Any CPU.Build.0 = Release|Any CPU
		{C422DB2E-C285-4587-917D-043A2F2636C2}.Debug|Any CPU.ActiveCfg = Debug|Any CPU
		{C422DB2E-C285-4587-917D-043A2F2636C2}.Debug|Any CPU.Build.0 = Debug|Any CPU
		{C422DB2E-C285-4587-917D-043A2F2636C2}.Release|Any CPU.ActiveCfg = Release|Any CPU
		{C422DB2E-C285-4587-917D-043A2F2636C2}.Release|Any CPU.Build.0 = Release|Any CPU
		{20C11C81-F99B-4928-B0D6-636AF8A28D02}.Debug|Any CPU.ActiveCfg = Debug|Any CPU
		{20C11C81-F99B-4928-B0D6-636AF8A28D02}.Debug|Any CPU.Build.0 = Debug|Any CPU
		{20C11C81-F99B-4928-B0D6-636AF8A28D02}.Release|Any CPU.ActiveCfg = Release|Any CPU
		{20C11C81-F99B-4928-B0D6-636AF8A28D02}.Release|Any CPU.Build.0 = Release|Any CPU
		{75427725-E0A8-40B5-B5A3-26DB9DA31CEC}.Debug|Any CPU.ActiveCfg = Debug|Any CPU
		{75427725-E0A8-40B5-B5A3-26DB9DA31CEC}.Debug|Any CPU.Build.0 = Debug|Any CPU
		{75427725-E0A8-40B5-B5A3-26DB9DA31CEC}.Release|Any CPU.ActiveCfg = Release|Any CPU
		{75427725-E0A8-40B5-B5A3-26DB9DA31CEC}.Release|Any CPU.Build.0 = Release|Any CPU
		{69972A3B-336C-45B0-9923-4083B0837432}.Debug|Any CPU.ActiveCfg = Debug|Any CPU
		{69972A3B-336C-45B0-9923-4083B0837432}.Debug|Any CPU.Build.0 = Debug|Any CPU
		{69972A3B-336C-45B0-9923-4083B0837432}.Release|Any CPU.ActiveCfg = Release|Any CPU
		{69972A3B-336C-45B0-9923-4083B0837432}.Release|Any CPU.Build.0 = Release|Any CPU
		{561A0D8D-7343-413D-8A4D-3FEEC3278AEF}.Debug|Any CPU.ActiveCfg = Debug|Any CPU
		{561A0D8D-7343-413D-8A4D-3FEEC3278AEF}.Debug|Any CPU.Build.0 = Debug|Any CPU
		{561A0D8D-7343-413D-8A4D-3FEEC3278AEF}.Release|Any CPU.ActiveCfg = Release|Any CPU
		{561A0D8D-7343-413D-8A4D-3FEEC3278AEF}.Release|Any CPU.Build.0 = Release|Any CPU
		{5E41BD26-04BD-47A6-A29D-86F8DB48756E}.Debug|Any CPU.ActiveCfg = Debug|Any CPU
		{5E41BD26-04BD-47A6-A29D-86F8DB48756E}.Debug|Any CPU.Build.0 = Debug|Any CPU
		{5E41BD26-04BD-47A6-A29D-86F8DB48756E}.Release|Any CPU.ActiveCfg = Release|Any CPU
		{5E41BD26-04BD-47A6-A29D-86F8DB48756E}.Release|Any CPU.Build.0 = Release|Any CPU
		{E5615C8B-3DD9-43D0-90DE-CD12C85C4D0D}.Debug|Any CPU.ActiveCfg = Debug|Any CPU
		{E5615C8B-3DD9-43D0-90DE-CD12C85C4D0D}.Debug|Any CPU.Build.0 = Debug|Any CPU
		{E5615C8B-3DD9-43D0-90DE-CD12C85C4D0D}.Release|Any CPU.ActiveCfg = Release|Any CPU
		{E5615C8B-3DD9-43D0-90DE-CD12C85C4D0D}.Release|Any CPU.Build.0 = Release|Any CPU
		{0099E89C-30C3-4688-8FD4-D4B6CE5CFFBB}.Debug|Any CPU.ActiveCfg = Debug|Any CPU
		{0099E89C-30C3-4688-8FD4-D4B6CE5CFFBB}.Debug|Any CPU.Build.0 = Debug|Any CPU
		{0099E89C-30C3-4688-8FD4-D4B6CE5CFFBB}.Release|Any CPU.ActiveCfg = Release|Any CPU
		{0099E89C-30C3-4688-8FD4-D4B6CE5CFFBB}.Release|Any CPU.Build.0 = Release|Any CPU
	EndGlobalSection
	GlobalSection(SolutionProperties) = preSolution
		HideSolutionNode = FALSE
	EndGlobalSection
EndGlobal
